
Microsoft Visual Studio Solution File, Format Version 12.00
# Visual Studio Version 16
VisualStudioVersion = 16.0.31313.79
MinimumVisualStudioVersion = 10.0.40219.1
Project("{FAE04EC0-301F-11D3-BF4B-00C04F79EFBC}") = "PetShopHR", "PetShopHR\PetShopHR.csproj", "{846284FA-2A35-461A-B149-5973FA1CD726}"
EndProject
Project("{9A19103F-16F7-4668-BE54-9A1E7A4F7556}") = "PetShopHR.Api", "PetShopHR.Api\PetShopHR.Api.csproj", "{CE1D0EA8-4114-493C-9193-B2450C4D416F}"
EndProject
Project("{9A19103F-16F7-4668-BE54-9A1E7A4F7556}") = "PetShopHR.Shared", "PetShopHR.Shared\PetShopHR.Shared.csproj", "{1FA4FCDA-A153-4116-9B54-07D2E0CEB162}"
EndProject
Global
	GlobalSection(SolutionConfigurationPlatforms) = preSolution
		Debug|Any CPU = Debug|Any CPU
		Release|Any CPU = Release|Any CPU
	EndGlobalSection
	GlobalSection(ProjectConfigurationPlatforms) = postSolution
		{846284FA-2A35-461A-B149-5973FA1CD726}.Debug|Any CPU.ActiveCfg = Debug|Any CPU
		{846284FA-2A35-461A-B149-5973FA1CD726}.Debug|Any CPU.Build.0 = Debug|Any CPU
		{846284FA-2A35-461A-B149-5973FA1CD726}.Release|Any CPU.ActiveCfg = Release|Any CPU
		{846284FA-2A35-461A-B149-5973FA1CD726}.Release|Any CPU.Build.0 = Release|Any CPU
		{CE1D0EA8-4114-493C-9193-B2450C4D416F}.Debug|Any CPU.ActiveCfg = Debug|Any CPU
		{CE1D0EA8-4114-493C-9193-B2450C4D416F}.Debug|Any CPU.Build.0 = Debug|Any CPU
		{CE1D0EA8-4114-493C-9193-B2450C4D416F}.Release|Any CPU.ActiveCfg = Release|Any CPU
		{CE1D0EA8-4114-493C-9193-B2450C4D416F}.Release|Any CPU.Build.0 = Release|Any CPU
		{1FA4FCDA-A153-4116-9B54-07D2E0CEB162}.Debug|Any CPU.ActiveCfg = Debug|Any CPU
		{1FA4FCDA-A153-4116-9B54-07D2E0CEB162}.Debug|Any CPU.Build.0 = Debug|Any CPU
		{1FA4FCDA-A153-4116-9B54-07D2E0CEB162}.Release|Any CPU.ActiveCfg = Release|Any CPU
		{1FA4FCDA-A153-4116-9B54-07D2E0CEB162}.Release|Any CPU.Build.0 = Release|Any CPU
	EndGlobalSection
	GlobalSection(SolutionProperties) = preSolution
		HideSolutionNode = FALSE
	EndGlobalSection
	GlobalSection(ExtensibilityGlobals) = postSolution
		SolutionGuid = {ED0F8302-7516-4FCE-807A-59680F60EC88}
	EndGlobalSection
EndGlobal
